
Microsoft Visual Studio Solution File, Format Version 12.00
# Visual Studio Version 16
VisualStudioVersion = 16.0.30225.117
MinimumVisualStudioVersion = 10.0.40219.1
Project("{FAE04EC0-301F-11D3-BF4B-00C04F79EFBC}") = "MVCAppDemoWithAuthtentication", "MVCAppDemoWithAuthtentication.csproj", "{3ADF441D-41AC-4AB1-AD62-7E3B0F6F8E2D}"
EndProject
Global
	GlobalSection(SolutionConfigurationPlatforms) = preSolution
		Debug|Any CPU = Debug|Any CPU
		Release|Any CPU = Release|Any CPU
	EndGlobalSection
	GlobalSection(ProjectConfigurationPlatforms) = postSolution
		{3ADF441D-41AC-4AB1-AD62-7E3B0F6F8E2D}.Debug|Any CPU.ActiveCfg = Debug|Any CPU
		{3ADF441D-41AC-4AB1-AD62-7E3B0F6F8E2D}.Debug|Any CPU.Build.0 = Debug|Any CPU
		{3ADF441D-41AC-4AB1-AD62-7E3B0F6F8E2D}.Release|Any CPU.ActiveCfg = Release|Any CPU
		{3ADF441D-41AC-4AB1-AD62-7E3B0F6F8E2D}.Release|Any CPU.Build.0 = Release|Any CPU
	EndGlobalSection
	GlobalSection(SolutionProperties) = preSolution
		HideSolutionNode = FALSE
	EndGlobalSection
	GlobalSection(ExtensibilityGlobals) = postSolution
		SolutionGuid = {C1BBA89A-96CC-4D69-A1BF-D3B87FF8D905}
	EndGlobalSection
EndGlobal
